
Microsoft Visual Studio Solution File, Format Version 12.00
# Visual Studio Version 17
VisualStudioVersion = 17.14.36623.8
MinimumVisualStudioVersion = 10.0.40219.1
Project("{FAE04EC0-301F-11D3-BF4B-00C04F79EFBC}") = "04-AccessModifiresEncupsulationNamespace", "04-AccessModifiresEncupsulationNamespace\04-AccessModifiresEncupsulationNamespace.csproj", "{99241DBD-87CF-46B6-ABF5-BCBDDA32CF12}"
EndProject
Project("{FAE04EC0-301F-11D3-BF4B-00C04F79EFBC}") = "Domain", "Domain\Domain.csproj", "{E85DB900-30A4-4F55-A1B0-586CE6FD796D}"
EndProject
Global
	GlobalSection(SolutionConfigurationPlatforms) = preSolution
		Debug|Any CPU = Debug|Any CPU
		Release|Any CPU = Release|Any CPU
	EndGlobalSection
	GlobalSection(ProjectConfigurationPlatforms) = postSolution
		{99241DBD-87CF-46B6-ABF5-BCBDDA32CF12}.Debug|Any CPU.ActiveCfg = Debug|Any CPU
		{99241DBD-87CF-46B6-ABF5-BCBDDA32CF12}.Debug|Any CPU.Build.0 = Debug|Any CPU
		{99241DBD-87CF-46B6-ABF5-BCBDDA32CF12}.Release|Any CPU.ActiveCfg = Release|Any CPU
		{99241DBD-87CF-46B6-ABF5-BCBDDA32CF12}.Release|Any CPU.Build.0 = Release|Any CPU
		{E85DB900-30A4-4F55-A1B0-586CE6FD796D}.Debug|Any CPU.ActiveCfg = Debug|Any CPU
		{E85DB900-30A4-4F55-A1B0-586CE6FD796D}.Debug|Any CPU.Build.0 = Debug|Any CPU
		{E85DB900-30A4-4F55-A1B0-586CE6FD796D}.Release|Any CPU.ActiveCfg = Release|Any CPU
		{E85DB900-30A4-4F55-A1B0-586CE6FD796D}.Release|Any CPU.Build.0 = Release|Any CPU
	EndGlobalSection
	GlobalSection(SolutionProperties) = preSolution
		HideSolutionNode = FALSE
	EndGlobalSection
	GlobalSection(ExtensibilityGlobals) = postSolution
		SolutionGuid = {2011731A-A09B-4540-98A0-7D3ED0625C6D}
	EndGlobalSection
EndGlobal
